
Microsoft Visual Studio Solution File, Format Version 12.00
# Visual Studio Version 17
VisualStudioVersion = 17.5.002.0
MinimumVisualStudioVersion = 10.0.40219.1
Project("{9A19103F-16F7-4668-BE54-9A1E7A4F7556}") = "Task1", "Task1\Task1.csproj", "{44BC8BD2-F5FA-45C7-8536-5C06C889B9CE}"
EndProject
Global
	GlobalSection(SolutionConfigurationPlatforms) = preSolution
		Debug|Any CPU = Debug|Any CPU
		Release|Any CPU = Release|Any CPU
	EndGlobalSection
	GlobalSection(ProjectConfigurationPlatforms) = postSolution
		{44BC8BD2-F5FA-45C7-8536-5C06C889B9CE}.Debug|Any CPU.ActiveCfg = Debug|Any CPU
		{44BC8BD2-F5FA-45C7-8536-5C06C889B9CE}.Debug|Any CPU.Build.0 = Debug|Any CPU
		{44BC8BD2-F5FA-45C7-8536-5C06C889B9CE}.Release|Any CPU.ActiveCfg = Release|Any CPU
		{44BC8BD2-F5FA-45C7-8536-5C06C889B9CE}.Release|Any CPU.Build.0 = Release|Any CPU
	EndGlobalSection
	GlobalSection(SolutionProperties) = preSolution
		HideSolutionNode = FALSE
	EndGlobalSection
	GlobalSection(ExtensibilityGlobals) = postSolution
		SolutionGuid = {2E58CEC8-0A20-4A36-B22E-E3D9CDEAABFB}
	EndGlobalSection
EndGlobal
